
Microsoft Visual Studio Solution File, Format Version 12.00
Project("{F2A71F9B-5D33-465A-A702-920D77279786}") = "some-tests-and-tasks", "some-tests-and-tasks\some-tests-and-tasks.fsproj", "{B33104D6-2F20-4097-AC37-A7917F64B55F}"
EndProject
Project("{FAE04EC0-301F-11D3-BF4B-00C04F79EFBC}") = "WebApplication1", "WebApplication1\WebApplication1.csproj", "{24530B54-305B-485C-B2BD-215B0C5187ED}"
EndProject
Project("{FAE04EC0-301F-11D3-BF4B-00C04F79EFBC}") = "Reflection", "Reflection\Reflection.csproj", "{CC818A7B-9225-49D0-810C-C9F9A71054F4}"
EndProject
Project("{FAE04EC0-301F-11D3-BF4B-00C04F79EFBC}") = "Serialization", "Serialization\Serialization.csproj", "{CAD4F98A-3A73-40EE-BD62-9C620E06A1FF}"
EndProject
Project("{2150E333-8FDC-42A3-9474-1A3956D46DE8}") = "DotNetSeminarTasks", "DotNetSeminarTasks", "{DB7783AF-76EE-4AA5-A252-EEC491AF8D41}"
EndProject
Project("{FAE04EC0-301F-11D3-BF4B-00C04F79EFBC}") = "Extensions", "Extensions\Extensions.csproj", "{2A4F048F-4736-4ED9-B8A2-CD0E5F69C8F3}"
EndProject
Project("{2150E333-8FDC-42A3-9474-1A3956D46DE8}") = "Reflection-Serialization-Extensions", "Reflection-Serialization-Extensions", "{C3E89225-45B8-4848-8A82-77D4FDE59252}"
EndProject
Project("{FAE04EC0-301F-11D3-BF4B-00C04F79EFBC}") = "OrisLessonTask", "OrisLessonTask\OrisLessonTask.csproj", "{23E4BBF8-6CC6-48BE-A017-664454DCBB11}"
EndProject
Project("{FAE04EC0-301F-11D3-BF4B-00C04F79EFBC}") = "MyProgram", "MyProgram\MyProgram.csproj", "{64FCD711-E208-49F8-BFF0-69D94437F15A}"
EndProject
Project("{FAE04EC0-301F-11D3-BF4B-00C04F79EFBC}") = "MyTemplates", "MyTemplates\MyTemplates.csproj", "{57C6DA6A-73B7-410D-81ED-ECC71A5A680D}"
EndProject
Project("{FAE04EC0-301F-11D3-BF4B-00C04F79EFBC}") = "test", "test\test.csproj", "{1382AAF5-620A-43C9-9AC3-EA2B318518EB}"
EndProject
Project("{FAE04EC0-301F-11D3-BF4B-00C04F79EFBC}") = "MVCEExtension", "MVCEExtension\MVCEExtension.csproj", "{24D4A287-FC78-49C9-975F-B9B9267707D7}"
EndProject
Project("{FAE04EC0-301F-11D3-BF4B-00C04F79EFBC}") = "ExpressionTree", "ExpressionTree\ExpressionTree.csproj", "{3BBDC177-0F86-4422-B49E-E506DFC24E20}"
EndProject
Project("{FAE04EC0-301F-11D3-BF4B-00C04F79EFBC}") = "DbFilter", "DbFilter\DbFilter.csproj", "{D700441B-9215-44D8-AFA4-5117F9AB6D52}"
EndProject
Global
	GlobalSection(SolutionConfigurationPlatforms) = preSolution
		Debug|Any CPU = Debug|Any CPU
		Release|Any CPU = Release|Any CPU
	EndGlobalSection
	GlobalSection(ProjectConfigurationPlatforms) = postSolution
		{B33104D6-2F20-4097-AC37-A7917F64B55F}.Debug|Any CPU.ActiveCfg = Debug|Any CPU
		{B33104D6-2F20-4097-AC37-A7917F64B55F}.Debug|Any CPU.Build.0 = Debug|Any CPU
		{B33104D6-2F20-4097-AC37-A7917F64B55F}.Release|Any CPU.ActiveCfg = Release|Any CPU
		{B33104D6-2F20-4097-AC37-A7917F64B55F}.Release|Any CPU.Build.0 = Release|Any CPU
		{24530B54-305B-485C-B2BD-215B0C5187ED}.Debug|Any CPU.ActiveCfg = Debug|Any CPU
		{24530B54-305B-485C-B2BD-215B0C5187ED}.Debug|Any CPU.Build.0 = Debug|Any CPU
		{24530B54-305B-485C-B2BD-215B0C5187ED}.Release|Any CPU.ActiveCfg = Release|Any CPU
		{24530B54-305B-485C-B2BD-215B0C5187ED}.Release|Any CPU.Build.0 = Release|Any CPU
		{CC818A7B-9225-49D0-810C-C9F9A71054F4}.Debug|Any CPU.ActiveCfg = Debug|Any CPU
		{CC818A7B-9225-49D0-810C-C9F9A71054F4}.Debug|Any CPU.Build.0 = Debug|Any CPU
		{CC818A7B-9225-49D0-810C-C9F9A71054F4}.Release|Any CPU.ActiveCfg = Release|Any CPU
		{CC818A7B-9225-49D0-810C-C9F9A71054F4}.Release|Any CPU.Build.0 = Release|Any CPU
		{CAD4F98A-3A73-40EE-BD62-9C620E06A1FF}.Debug|Any CPU.ActiveCfg = Debug|Any CPU
		{CAD4F98A-3A73-40EE-BD62-9C620E06A1FF}.Debug|Any CPU.Build.0 = Debug|Any CPU
		{CAD4F98A-3A73-40EE-BD62-9C620E06A1FF}.Release|Any CPU.ActiveCfg = Release|Any CPU
		{CAD4F98A-3A73-40EE-BD62-9C620E06A1FF}.Release|Any CPU.Build.0 = Release|Any CPU
		{2A4F048F-4736-4ED9-B8A2-CD0E5F69C8F3}.Debug|Any CPU.ActiveCfg = Debug|Any CPU
		{2A4F048F-4736-4ED9-B8A2-CD0E5F69C8F3}.Debug|Any CPU.Build.0 = Debug|Any CPU
		{2A4F048F-4736-4ED9-B8A2-CD0E5F69C8F3}.Release|Any CPU.ActiveCfg = Release|Any CPU
		{2A4F048F-4736-4ED9-B8A2-CD0E5F69C8F3}.Release|Any CPU.Build.0 = Release|Any CPU
		{23E4BBF8-6CC6-48BE-A017-664454DCBB11}.Debug|Any CPU.ActiveCfg = Debug|Any CPU
		{23E4BBF8-6CC6-48BE-A017-664454DCBB11}.Debug|Any CPU.Build.0 = Debug|Any CPU
		{23E4BBF8-6CC6-48BE-A017-664454DCBB11}.Release|Any CPU.ActiveCfg = Release|Any CPU
		{23E4BBF8-6CC6-48BE-A017-664454DCBB11}.Release|Any CPU.Build.0 = Release|Any CPU
		{64FCD711-E208-49F8-BFF0-69D94437F15A}.Debug|Any CPU.ActiveCfg = Debug|Any CPU
		{64FCD711-E208-49F8-BFF0-69D94437F15A}.Debug|Any CPU.Build.0 = Debug|Any CPU
		{64FCD711-E208-49F8-BFF0-69D94437F15A}.Release|Any CPU.ActiveCfg = Release|Any CPU
		{64FCD711-E208-49F8-BFF0-69D94437F15A}.Release|Any CPU.Build.0 = Release|Any CPU
		{57C6DA6A-73B7-410D-81ED-ECC71A5A680D}.Debug|Any CPU.ActiveCfg = Debug|Any CPU
		{57C6DA6A-73B7-410D-81ED-ECC71A5A680D}.Debug|Any CPU.Build.0 = Debug|Any CPU
		{57C6DA6A-73B7-410D-81ED-ECC71A5A680D}.Release|Any CPU.ActiveCfg = Release|Any CPU
		{57C6DA6A-73B7-410D-81ED-ECC71A5A680D}.Release|Any CPU.Build.0 = Release|Any CPU
		{1382AAF5-620A-43C9-9AC3-EA2B318518EB}.Debug|Any CPU.ActiveCfg = Debug|Any CPU
		{1382AAF5-620A-43C9-9AC3-EA2B318518EB}.Debug|Any CPU.Build.0 = Debug|Any CPU
		{1382AAF5-620A-43C9-9AC3-EA2B318518EB}.Release|Any CPU.ActiveCfg = Release|Any CPU
		{1382AAF5-620A-43C9-9AC3-EA2B318518EB}.Release|Any CPU.Build.0 = Release|Any CPU
		{24D4A287-FC78-49C9-975F-B9B9267707D7}.Debug|Any CPU.ActiveCfg = Debug|Any CPU
		{24D4A287-FC78-49C9-975F-B9B9267707D7}.Debug|Any CPU.Build.0 = Debug|Any CPU
		{24D4A287-FC78-49C9-975F-B9B9267707D7}.Release|Any CPU.ActiveCfg = Release|Any CPU
		{24D4A287-FC78-49C9-975F-B9B9267707D7}.Release|Any CPU.Build.0 = Release|Any CPU
		{3BBDC177-0F86-4422-B49E-E506DFC24E20}.Debug|Any CPU.ActiveCfg = Debug|Any CPU
		{3BBDC177-0F86-4422-B49E-E506DFC24E20}.Debug|Any CPU.Build.0 = Debug|Any CPU
		{3BBDC177-0F86-4422-B49E-E506DFC24E20}.Release|Any CPU.ActiveCfg = Release|Any CPU
		{3BBDC177-0F86-4422-B49E-E506DFC24E20}.Release|Any CPU.Build.0 = Release|Any CPU
		{D700441B-9215-44D8-AFA4-5117F9AB6D52}.Debug|Any CPU.ActiveCfg = Debug|Any CPU
		{D700441B-9215-44D8-AFA4-5117F9AB6D52}.Debug|Any CPU.Build.0 = Debug|Any CPU
		{D700441B-9215-44D8-AFA4-5117F9AB6D52}.Release|Any CPU.ActiveCfg = Release|Any CPU
		{D700441B-9215-44D8-AFA4-5117F9AB6D52}.Release|Any CPU.Build.0 = Release|Any CPU
	EndGlobalSection
	GlobalSection(NestedProjects) = preSolution
		{B33104D6-2F20-4097-AC37-A7917F64B55F} = {DB7783AF-76EE-4AA5-A252-EEC491AF8D41}
		{24530B54-305B-485C-B2BD-215B0C5187ED} = {DB7783AF-76EE-4AA5-A252-EEC491AF8D41}
		{C3E89225-45B8-4848-8A82-77D4FDE59252} = {DB7783AF-76EE-4AA5-A252-EEC491AF8D41}
		{2A4F048F-4736-4ED9-B8A2-CD0E5F69C8F3} = {C3E89225-45B8-4848-8A82-77D4FDE59252}
		{CC818A7B-9225-49D0-810C-C9F9A71054F4} = {C3E89225-45B8-4848-8A82-77D4FDE59252}
		{CAD4F98A-3A73-40EE-BD62-9C620E06A1FF} = {C3E89225-45B8-4848-8A82-77D4FDE59252}
		{24D4A287-FC78-49C9-975F-B9B9267707D7} = {C3E89225-45B8-4848-8A82-77D4FDE59252}
		{3BBDC177-0F86-4422-B49E-E506DFC24E20} = {DB7783AF-76EE-4AA5-A252-EEC491AF8D41}
		{D700441B-9215-44D8-AFA4-5117F9AB6D52} = {DB7783AF-76EE-4AA5-A252-EEC491AF8D41}
	EndGlobalSection
EndGlobal
